{
  "requires": true,
  "lockfileVersion": 1,
  "dependencies": {
    "async": {
      "version": "3.2.1",
      "resolved": "https://registry.npmjs.org/async/-/async-3.2.1.tgz",
      "integrity": "sha512-XdD5lRO/87udXCMC9meWdYiR+Nq6ZjUfXidViUZGu2F1MO4T3XwZ1et0hb2++BgLfhyJwy44BGB/yx80ABx8hg=="
    }
  }
}
