{
  "requires": true,
  "lockfileVersion": 1,
  "dependencies": {
    "fast-deep-equal": {
      "version": "2.0.1",
      "resolved": "https://registry.npmjs.org/fast-deep-equal/-/fast-deep-equal-2.0.1.tgz",
      "integrity": "sha1-ewUhjd+WZ79/Nwv3/bLLFf3Qqkk="
    },
    "lodash-es": {
      "version": "4.17.21",
      "resolved": "https://registry.npmjs.org/lodash-es/-/lodash-es-4.17.21.tgz",
      "integrity": "sha512-mKnC+QJ9pWVzv+C4/U3rRsHapFfHvQFoFB92e52xeyGMcX6/OlIl78je1u8vePzYZSkkogMPJ2yjxxsb89cxyw=="
    },
    "react-leaflet-draw": {
      "version": "0.19.8",
      "resolved": "https://registry.npmjs.org/react-leaflet-draw/-/react-leaflet-draw-0.19.8.tgz",
      "integrity": "sha512-6e3KhDov++6QKR80ixohzZdESlqSiloYspZklT1qY5oxIOYmF+/Io830Yyd0RvUEMFCt6GirszalLrzuL2GP6A==",
      "requires": {
        "fast-deep-equal": "^2.0.1",
        "lodash-es": "^4.17.15"
      }
    }
  }
}
