{
  "requires": true,
  "lockfileVersion": 1,
  "dependencies": {
    "@capacitor/geolocation": {
      "version": "1.0.2",
      "resolved": "https://registry.npmjs.org/@capacitor/geolocation/-/geolocation-1.0.2.tgz",
      "integrity": "sha512-juHcG8GGxMChXg4AlY3I2f2oKvcnjldz/7u8/0Q36eamNPvy9ombBOhPxmm8ECi8e40lCtRX5/RMIkZvgb5vEQ=="
    }
  }
}
