PODS:
  - Capacitor (5.6.0):
    - CapacitorCordova
  - CapacitorApp (5.0.7):
    - Capacitor
  - CapacitorBrowser (5.2.0):
    - Capacitor
  - CapacitorCamera (5.0.9):
    - Capacitor
  - CapacitorCommunityHttp (1.4.1):
    - Capacitor
  - CapacitorCordova (5.6.0)
  - CapacitorGeolocation (5.0.7):
    - Capacitor
  - CordovaPlugins (5.6.0):
    - CapacitorCordova

DEPENDENCIES:
  - "Capacitor (from `../../node_modules/@capacitor/ios`)"
  - "CapacitorApp (from `../../node_modules/@capacitor/app`)"
  - "CapacitorBrowser (from `../../node_modules/@capacitor/browser`)"
  - "CapacitorCamera (from `../../node_modules/@capacitor/camera`)"
  - "CapacitorCommunityHttp (from `../../node_modules/@capacitor-community/http`)"
  - "CapacitorCordova (from `../../node_modules/@capacitor/ios`)"
  - "CapacitorGeolocation (from `../../node_modules/@capacitor/geolocation`)"
  - CordovaPlugins (from `../capacitor-cordova-ios-plugins`)

EXTERNAL SOURCES:
  Capacitor:
    :path: "../../node_modules/@capacitor/ios"
  CapacitorApp:
    :path: "../../node_modules/@capacitor/app"
  CapacitorBrowser:
    :path: "../../node_modules/@capacitor/browser"
  CapacitorCamera:
    :path: "../../node_modules/@capacitor/camera"
  CapacitorCommunityHttp:
    :path: "../../node_modules/@capacitor-community/http"
  CapacitorCordova:
    :path: "../../node_modules/@capacitor/ios"
  CapacitorGeolocation:
    :path: "../../node_modules/@capacitor/geolocation"
  CordovaPlugins:
    :path: "../capacitor-cordova-ios-plugins"

SPEC CHECKSUMS:
  Capacitor: ebfc16cdb8116d04c101686b080342872da42d43
  CapacitorApp: 17fecd0e6cb23feafac7eb0939417389038b0979
  CapacitorBrowser: a6deae9e5bf87f62b62a753cff7992c5def9e771
  CapacitorCamera: 4892c5c392f60039d853dde78bc50ba19fbd113e
  CapacitorCommunityHttp: 7be90668527ef14ee10d08135b0e00fac9cf8247
  CapacitorCordova: 931b48fcdbc9bc985fc2f16cec9f77c794a27729
  CapacitorGeolocation: 918a292459542bcce98433f9e7c7909f8c72838a
  CordovaPlugins: 598bfdf3ac6e6a1e69b7ea51e31965185c742891

PODFILE CHECKSUM: e36d42b68a863913dc203ecaef2ee582fc3dba9d

COCOAPODS: 1.11.3
